// !$*UTF8*$!
{
	archiveVersion = 1;
	classes = {
	};
	objectVersion = 46;
	objects = {

/* Begin PBXBuildFile section */
		793FAED814E6742F00E9C25D /* ZoeTopicListViewController.m in Sources */ = {isa = PBXBuildFile; fileRef = 793FAED714E6742F00E9C25D /* ZoeTopicListViewController.m */; };
		794C015A149CAABF0014FF25 /* UIKit.framework in Frameworks */ = {isa = PBXBuildFile; fileRef = 794C0159149CAABF0014FF25 /* UIKit.framework */; };
		794C015C149CAABF0014FF25 /* Foundation.framework in Frameworks */ = {isa = PBXBuildFile; fileRef = 794C015B149CAABF0014FF25 /* Foundation.framework */; };
		794C015E149CAABF0014FF25 /* CoreGraphics.framework in Frameworks */ = {isa = PBXBuildFile; fileRef = 794C015D149CAABF0014FF25 /* CoreGraphics.framework */; };
		794C0164149CAABF0014FF25 /* InfoPlist.strings in Resources */ = {isa = PBXBuildFile; fileRef = 794C0162149CAABF0014FF25 /* InfoPlist.strings */; };
		794C0166149CAABF0014FF25 /* main.m in Sources */ = {isa = PBXBuildFile; fileRef = 794C0165149CAABF0014FF25 /* main.m */; };
		794C016A149CAABF0014FF25 /* ZoeAppDelegate.m in Sources */ = {isa = PBXBuildFile; fileRef = 794C0169149CAABF0014FF25 /* ZoeAppDelegate.m */; };
		794C016D149CAABF0014FF25 /* MainStoryboard.storyboard in Resources */ = {isa = PBXBuildFile; fileRef = 794C016B149CAABF0014FF25 /* MainStoryboard.storyboard */; };
		794C0170149CAABF0014FF25 /* ZoeViewController.m in Sources */ = {isa = PBXBuildFile; fileRef = 794C016F149CAABF0014FF25 /* ZoeViewController.m */; };
		794C0180149CACE90014FF25 /* ZoeAccountsListViewController.m in Sources */ = {isa = PBXBuildFile; fileRef = 794C017F149CACE90014FF25 /* ZoeAccountsListViewController.m */; };
		794C0182149CAF510014FF25 /* Accounts.framework in Frameworks */ = {isa = PBXBuildFile; fileRef = 794C0181149CAF510014FF25 /* Accounts.framework */; };
		794C0184149CAF5A0014FF25 /* Twitter.framework in Frameworks */ = {isa = PBXBuildFile; fileRef = 794C0183149CAF5A0014FF25 /* Twitter.framework */; };
		794C0188149CAFC40014FF25 /* ZoeListViewController.m in Sources */ = {isa = PBXBuildFile; fileRef = 794C0187149CAFC40014FF25 /* ZoeListViewController.m */; };
		79AD238514A4BEC80090AA97 /* ZoeTweetComposeViewController.m in Sources */ = {isa = PBXBuildFile; fileRef = 79AD238414A4BEC80090AA97 /* ZoeTweetComposeViewController.m */; };
		79F4177814EB50BE0052067D /* ZoeTwitterAccount.m in Sources */ = {isa = PBXBuildFile; fileRef = 79F4177714EB50BE0052067D /* ZoeTwitterAccount.m */; };
		79FDCFF314EBDB6300ADC72D /* ZoeAddTopicViewController.m in Sources */ = {isa = PBXBuildFile; fileRef = 79FDCFF214EBDB6300ADC72D /* ZoeAddTopicViewController.m */; };
		C353654014C7C0C4001AF490 /* grey_bg.jpg in Resources */ = {isa = PBXBuildFile; fileRef = C353653F14C7C0C4001AF490 /* grey_bg.jpg */; };
		C353654214C7C175001AF490 /* letter_background.png in Resources */ = {isa = PBXBuildFile; fileRef = C353654114C7C175001AF490 /* letter_background.png */; };
		C353654414C7C254001AF490 /* send_btn.png in Resources */ = {isa = PBXBuildFile; fileRef = C353654314C7C254001AF490 /* send_btn.png */; };
		C38754EE14B4A7A8003DC717 /* special-new.jpg in Resources */ = {isa = PBXBuildFile; fileRef = C38754ED14B4A7A8003DC717 /* special-new.jpg */; };
		C3EC314114C7BE5700DF5FEB /* cancel_btn.png in Resources */ = {isa = PBXBuildFile; fileRef = C3EC313D14C7BE5700DF5FEB /* cancel_btn.png */; };
		C3EC314314C7BE5700DF5FEB /* mail_bg.jpg in Resources */ = {isa = PBXBuildFile; fileRef = C3EC313F14C7BE5700DF5FEB /* mail_bg.jpg */; };
		C3EC314714C7BF7600DF5FEB /* camera_icon.gif in Resources */ = {isa = PBXBuildFile; fileRef = C3EC314614C7BF7600DF5FEB /* camera_icon.gif */; };
/* End PBXBuildFile section */

/* Begin PBXFileReference section */
		793FAED614E6742F00E9C25D /* ZoeTopicListViewController.h */ = {isa = PBXFileReference; fileEncoding = 4; lastKnownFileType = sourcecode.c.h; path = ZoeTopicListViewController.h; sourceTree = "<group>"; };
		793FAED714E6742F00E9C25D /* ZoeTopicListViewController.m */ = {isa = PBXFileReference; fileEncoding = 4; lastKnownFileType = sourcecode.c.objc; path = ZoeTopicListViewController.m; sourceTree = "<group>"; };
		794C0155149CAABF0014FF25 /* Twizza.app */ = {isa = PBXFileReference; explicitFileType = wrapper.application; includeInIndex = 0; path = Twizza.app; sourceTree = BUILT_PRODUCTS_DIR; };
		794C0159149CAABF0014FF25 /* UIKit.framework */ = {isa = PBXFileReference; lastKnownFileType = wrapper.framework; name = UIKit.framework; path = System/Library/Frameworks/UIKit.framework; sourceTree = SDKROOT; };
		794C015B149CAABF0014FF25 /* Foundation.framework */ = {isa = PBXFileReference; lastKnownFileType = wrapper.framework; name = Foundation.framework; path = System/Library/Frameworks/Foundation.framework; sourceTree = SDKROOT; };
		794C015D149CAABF0014FF25 /* CoreGraphics.framework */ = {isa = PBXFileReference; lastKnownFileType = wrapper.framework; name = CoreGraphics.framework; path = System/Library/Frameworks/CoreGraphics.framework; sourceTree = SDKROOT; };
		794C0161149CAABF0014FF25 /* Twizza-Info.plist */ = {isa = PBXFileReference; lastKnownFileType = text.plist.xml; path = "Twizza-Info.plist"; sourceTree = "<group>"; };
		794C0163149CAABF0014FF25 /* en */ = {isa = PBXFileReference; lastKnownFileType = text.plist.strings; name = en; path = en.lproj/InfoPlist.strings; sourceTree = "<group>"; };
		794C0165149CAABF0014FF25 /* main.m */ = {isa = PBXFileReference; lastKnownFileType = sourcecode.c.objc; path = main.m; sourceTree = "<group>"; };
		794C0167149CAABF0014FF25 /* Twizza-Prefix.pch */ = {isa = PBXFileReference; lastKnownFileType = sourcecode.c.h; path = "Twizza-Prefix.pch"; sourceTree = "<group>"; };
		794C0168149CAABF0014FF25 /* ZoeAppDelegate.h */ = {isa = PBXFileReference; lastKnownFileType = sourcecode.c.h; path = ZoeAppDelegate.h; sourceTree = "<group>"; };
		794C0169149CAABF0014FF25 /* ZoeAppDelegate.m */ = {isa = PBXFileReference; lastKnownFileType = sourcecode.c.objc; path = ZoeAppDelegate.m; sourceTree = "<group>"; };
		794C016C149CAABF0014FF25 /* en */ = {isa = PBXFileReference; lastKnownFileType = file.storyboard; name = en; path = en.lproj/MainStoryboard.storyboard; sourceTree = "<group>"; };
		794C016E149CAABF0014FF25 /* ZoeViewController.h */ = {isa = PBXFileReference; lastKnownFileType = sourcecode.c.h; path = ZoeViewController.h; sourceTree = "<group>"; };
		794C016F149CAABF0014FF25 /* ZoeViewController.m */ = {isa = PBXFileReference; lastKnownFileType = sourcecode.c.objc; path = ZoeViewController.m; sourceTree = "<group>"; };
		794C017E149CACE90014FF25 /* ZoeAccountsListViewController.h */ = {isa = PBXFileReference; fileEncoding = 4; lastKnownFileType = sourcecode.c.h; path = ZoeAccountsListViewController.h; sourceTree = "<group>"; };
		794C017F149CACE90014FF25 /* ZoeAccountsListViewController.m */ = {isa = PBXFileReference; fileEncoding = 4; lastKnownFileType = sourcecode.c.objc; path = ZoeAccountsListViewController.m; sourceTree = "<group>"; };
		794C0181149CAF510014FF25 /* Accounts.framework */ = {isa = PBXFileReference; lastKnownFileType = wrapper.framework; name = Accounts.framework; path = System/Library/Frameworks/Accounts.framework; sourceTree = SDKROOT; };
		794C0183149CAF5A0014FF25 /* Twitter.framework */ = {isa = PBXFileReference; lastKnownFileType = wrapper.framework; name = Twitter.framework; path = System/Library/Frameworks/Twitter.framework; sourceTree = SDKROOT; };
		794C0186149CAFC40014FF25 /* ZoeListViewController.h */ = {isa = PBXFileReference; fileEncoding = 4; lastKnownFileType = sourcecode.c.h; path = ZoeListViewController.h; sourceTree = "<group>"; };
		794C0187149CAFC40014FF25 /* ZoeListViewController.m */ = {isa = PBXFileReference; fileEncoding = 4; lastKnownFileType = sourcecode.c.objc; path = ZoeListViewController.m; sourceTree = "<group>"; };
		79AD238314A4BEC80090AA97 /* ZoeTweetComposeViewController.h */ = {isa = PBXFileReference; fileEncoding = 4; lastKnownFileType = sourcecode.c.h; path = ZoeTweetComposeViewController.h; sourceTree = "<group>"; };
		79AD238414A4BEC80090AA97 /* ZoeTweetComposeViewController.m */ = {isa = PBXFileReference; fileEncoding = 4; lastKnownFileType = sourcecode.c.objc; path = ZoeTweetComposeViewController.m; sourceTree = "<group>"; };
		79F4177614EB50BE0052067D /* ZoeTwitterAccount.h */ = {isa = PBXFileReference; fileEncoding = 4; lastKnownFileType = sourcecode.c.h; path = ZoeTwitterAccount.h; sourceTree = "<group>"; };
		79F4177714EB50BE0052067D /* ZoeTwitterAccount.m */ = {isa = PBXFileReference; fileEncoding = 4; lastKnownFileType = sourcecode.c.objc; path = ZoeTwitterAccount.m; sourceTree = "<group>"; };
		79FDCFF114EBDB6300ADC72D /* ZoeAddTopicViewController.h */ = {isa = PBXFileReference; fileEncoding = 4; lastKnownFileType = sourcecode.c.h; path = ZoeAddTopicViewController.h; sourceTree = "<group>"; };
		79FDCFF214EBDB6300ADC72D /* ZoeAddTopicViewController.m */ = {isa = PBXFileReference; fileEncoding = 4; lastKnownFileType = sourcecode.c.objc; path = ZoeAddTopicViewController.m; sourceTree = "<group>"; };
		C353653F14C7C0C4001AF490 /* grey_bg.jpg */ = {isa = PBXFileReference; lastKnownFileType = image.jpeg; path = grey_bg.jpg; sourceTree = "<group>"; };
		C353654114C7C175001AF490 /* letter_background.png */ = {isa = PBXFileReference; lastKnownFileType = image.png; path = letter_background.png; sourceTree = "<group>"; };
		C353654314C7C254001AF490 /* send_btn.png */ = {isa = PBXFileReference; lastKnownFileType = image.png; path = send_btn.png; sourceTree = "<group>"; };
		C38754ED14B4A7A8003DC717 /* special-new.jpg */ = {isa = PBXFileReference; lastKnownFileType = image.jpeg; path = "special-new.jpg"; sourceTree = "<group>"; };
		C3EC313D14C7BE5700DF5FEB /* cancel_btn.png */ = {isa = PBXFileReference; lastKnownFileType = image.png; path = cancel_btn.png; sourceTree = "<group>"; };
		C3EC313F14C7BE5700DF5FEB /* mail_bg.jpg */ = {isa = PBXFileReference; lastKnownFileType = image.jpeg; path = mail_bg.jpg; sourceTree = "<group>"; };
		C3EC314614C7BF7600DF5FEB /* camera_icon.gif */ = {isa = PBXFileReference; lastKnownFileType = image.gif; path = camera_icon.gif; sourceTree = "<group>"; };
/* End PBXFileReference section */

/* Begin PBXFrameworksBuildPhase section */
		794C0152149CAABF0014FF25 /* Frameworks */ = {
			isa = PBXFrameworksBuildPhase;
			buildActionMask = 2147483647;
			files = (
				794C015A149CAABF0014FF25 /* UIKit.framework in Frameworks */,
				794C0182149CAF510014FF25 /* Accounts.framework in Frameworks */,
				794C0184149CAF5A0014FF25 /* Twitter.framework in Frameworks */,
				794C015C149CAABF0014FF25 /* Foundation.framework in Frameworks */,
				794C015E149CAABF0014FF25 /* CoreGraphics.framework in Frameworks */,
			);
			runOnlyForDeploymentPostprocessing = 0;
		};
/* End PBXFrameworksBuildPhase section */

/* Begin PBXGroup section */
		792711C5149F365B00CB36A3 /* View */ = {
			isa = PBXGroup;
			children = (
			);
			name = View;
			sourceTree = "<group>";
		};
		794C014A149CAABF0014FF25 = {
			isa = PBXGroup;
			children = (
				794C015F149CAABF0014FF25 /* Twizza */,
				794C0158149CAABF0014FF25 /* Frameworks */,
				794C0156149CAABF0014FF25 /* Products */,
			);
			sourceTree = "<group>";
		};
		794C0156149CAABF0014FF25 /* Products */ = {
			isa = PBXGroup;
			children = (
				794C0155149CAABF0014FF25 /* Twizza.app */,
			);
			name = Products;
			sourceTree = "<group>";
		};
		794C0158149CAABF0014FF25 /* Frameworks */ = {
			isa = PBXGroup;
			children = (
				794C0183149CAF5A0014FF25 /* Twitter.framework */,
				794C0181149CAF510014FF25 /* Accounts.framework */,
				794C0159149CAABF0014FF25 /* UIKit.framework */,
				794C015B149CAABF0014FF25 /* Foundation.framework */,
				794C015D149CAABF0014FF25 /* CoreGraphics.framework */,
			);
			name = Frameworks;
			sourceTree = "<group>";
		};
		794C015F149CAABF0014FF25 /* Twizza */ = {
			isa = PBXGroup;
			children = (
				79F4177414EB50850052067D /* Model */,
				792711C5149F365B00CB36A3 /* View */,
				794C0185149CAFA00014FF25 /* Controller */,
				794C0168149CAABF0014FF25 /* ZoeAppDelegate.h */,
				794C0169149CAABF0014FF25 /* ZoeAppDelegate.m */,
				794C016B149CAABF0014FF25 /* MainStoryboard.storyboard */,
				794C016E149CAABF0014FF25 /* ZoeViewController.h */,
				794C016F149CAABF0014FF25 /* ZoeViewController.m */,
				794C0160149CAABF0014FF25 /* Supporting Files */,
			);
			path = Twizza;
			sourceTree = "<group>";
		};
		794C0160149CAABF0014FF25 /* Supporting Files */ = {
			isa = PBXGroup;
			children = (
				79690B4F14B34F4600905075 /* Resources */,
				794C0161149CAABF0014FF25 /* Twizza-Info.plist */,
				794C0162149CAABF0014FF25 /* InfoPlist.strings */,
				794C0165149CAABF0014FF25 /* main.m */,
				794C0167149CAABF0014FF25 /* Twizza-Prefix.pch */,
			);
			name = "Supporting Files";
			sourceTree = "<group>";
		};
		794C0185149CAFA00014FF25 /* Controller */ = {
			isa = PBXGroup;
			children = (
				794C017E149CACE90014FF25 /* ZoeAccountsListViewController.h */,
				794C017F149CACE90014FF25 /* ZoeAccountsListViewController.m */,
				794C0186149CAFC40014FF25 /* ZoeListViewController.h */,
				794C0187149CAFC40014FF25 /* ZoeListViewController.m */,
				79AD238314A4BEC80090AA97 /* ZoeTweetComposeViewController.h */,
				79AD238414A4BEC80090AA97 /* ZoeTweetComposeViewController.m */,
				793FAED614E6742F00E9C25D /* ZoeTopicListViewController.h */,
				793FAED714E6742F00E9C25D /* ZoeTopicListViewController.m */,
				79FDCFF114EBDB6300ADC72D /* ZoeAddTopicViewController.h */,
				79FDCFF214EBDB6300ADC72D /* ZoeAddTopicViewController.m */,
			);
			name = Controller;
			sourceTree = "<group>";
		};
		79690B4F14B34F4600905075 /* Resources */ = {
			isa = PBXGroup;
			children = (
				79690B5114B34F5200905075 /* Images */,
			);
			name = Resources;
			sourceTree = "<group>";
		};
		79690B5114B34F5200905075 /* Images */ = {
			isa = PBXGroup;
			children = (
				C353654314C7C254001AF490 /* send_btn.png */,
				C353654114C7C175001AF490 /* letter_background.png */,
				C353653F14C7C0C4001AF490 /* grey_bg.jpg */,
				C3EC314614C7BF7600DF5FEB /* camera_icon.gif */,
				C3EC313D14C7BE5700DF5FEB /* cancel_btn.png */,
				C3EC313F14C7BE5700DF5FEB /* mail_bg.jpg */,
				C38754ED14B4A7A8003DC717 /* special-new.jpg */,
			);
			name = Images;
			path = Resouces/images;
			sourceTree = "<group>";
		};
		79F4177414EB50850052067D /* Model */ = {
			isa = PBXGroup;
			children = (
				79F4177614EB50BE0052067D /* ZoeTwitterAccount.h */,
				79F4177714EB50BE0052067D /* ZoeTwitterAccount.m */,
			);
			name = Model;
			sourceTree = "<group>";
		};
/* End PBXGroup section */

/* Begin PBXNativeTarget section */
		794C0154149CAABF0014FF25 /* Twizza */ = {
			isa = PBXNativeTarget;
			buildConfigurationList = 794C0173149CAABF0014FF25 /* Build configuration list for PBXNativeTarget "Twizza" */;
			buildPhases = (
				794C0151149CAABF0014FF25 /* Sources */,
				794C0152149CAABF0014FF25 /* Frameworks */,
				794C0153149CAABF0014FF25 /* Resources */,
			);
			buildRules = (
			);
			dependencies = (
			);
			name = Twizza;
			productName = Twizza;
			productReference = 794C0155149CAABF0014FF25 /* Twizza.app */;
			productType = "com.apple.product-type.application";
		};
/* End PBXNativeTarget section */

/* Begin PBXProject section */
		794C014C149CAABF0014FF25 /* Project object */ = {
			isa = PBXProject;
			attributes = {
				LastUpgradeCheck = 0420;
			};
			buildConfigurationList = 794C014F149CAABF0014FF25 /* Build configuration list for PBXProject "Twizza" */;
			compatibilityVersion = "Xcode 3.2";
			developmentRegion = English;
			hasScannedForEncodings = 0;
			knownRegions = (
				en,
			);
			mainGroup = 794C014A149CAABF0014FF25;
			productRefGroup = 794C0156149CAABF0014FF25 /* Products */;
			projectDirPath = "";
			projectRoot = "";
			targets = (
				794C0154149CAABF0014FF25 /* Twizza */,
			);
		};
/* End PBXProject section */

/* Begin PBXResourcesBuildPhase section */
		794C0153149CAABF0014FF25 /* Resources */ = {
			isa = PBXResourcesBuildPhase;
			buildActionMask = 2147483647;
			files = (
				794C0164149CAABF0014FF25 /* InfoPlist.strings in Resources */,
				794C016D149CAABF0014FF25 /* MainStoryboard.storyboard in Resources */,
				C38754EE14B4A7A8003DC717 /* special-new.jpg in Resources */,
				C3EC314114C7BE5700DF5FEB /* cancel_btn.png in Resources */,
				C3EC314314C7BE5700DF5FEB /* mail_bg.jpg in Resources */,
				C3EC314714C7BF7600DF5FEB /* camera_icon.gif in Resources */,
				C353654014C7C0C4001AF490 /* grey_bg.jpg in Resources */,
				C353654214C7C175001AF490 /* letter_background.png in Resources */,
				C353654414C7C254001AF490 /* send_btn.png in Resources */,
			);
			runOnlyForDeploymentPostprocessing = 0;
		};
/* End PBXResourcesBuildPhase section */

/* Begin PBXSourcesBuildPhase section */
		794C0151149CAABF0014FF25 /* Sources */ = {
			isa = PBXSourcesBuildPhase;
			buildActionMask = 2147483647;
			files = (
				794C0166149CAABF0014FF25 /* main.m in Sources */,
				794C016A149CAABF0014FF25 /* ZoeAppDelegate.m in Sources */,
				794C0170149CAABF0014FF25 /* ZoeViewController.m in Sources */,
				794C0180149CACE90014FF25 /* ZoeAccountsListViewController.m in Sources */,
				794C0188149CAFC40014FF25 /* ZoeListViewController.m in Sources */,
				79AD238514A4BEC80090AA97 /* ZoeTweetComposeViewController.m in Sources */,
				793FAED814E6742F00E9C25D /* ZoeTopicListViewController.m in Sources */,
				79F4177814EB50BE0052067D /* ZoeTwitterAccount.m in Sources */,
				79FDCFF314EBDB6300ADC72D /* ZoeAddTopicViewController.m in Sources */,
			);
			runOnlyForDeploymentPostprocessing = 0;
		};
/* End PBXSourcesBuildPhase section */

/* Begin PBXVariantGroup section */
		794C0162149CAABF0014FF25 /* InfoPlist.strings */ = {
			isa = PBXVariantGroup;
			children = (
				794C0163149CAABF0014FF25 /* en */,
			);
			name = InfoPlist.strings;
			sourceTree = "<group>";
		};
		794C016B149CAABF0014FF25 /* MainStoryboard.storyboard */ = {
			isa = PBXVariantGroup;
			children = (
				794C016C149CAABF0014FF25 /* en */,
			);
			name = MainStoryboard.storyboard;
			sourceTree = "<group>";
		};
/* End PBXVariantGroup section */

/* Begin XCBuildConfiguration section */
		794C0171149CAABF0014FF25 /* Debug */ = {
			isa = XCBuildConfiguration;
			buildSettings = {
				ALWAYS_SEARCH_USER_PATHS = NO;
				ARCHS = "$(ARCHS_STANDARD_32_BIT)";
				CLANG_ENABLE_OBJC_ARC = YES;
				"CODE_SIGN_IDENTITY[sdk=iphoneos*]" = "iPhone Developer";
				COPY_PHASE_STRIP = NO;
				GCC_C_LANGUAGE_STANDARD = gnu99;
				GCC_DYNAMIC_NO_PIC = NO;
				GCC_OPTIMIZATION_LEVEL = 0;
				GCC_PREPROCESSOR_DEFINITIONS = (
					"DEBUG=1",
					"$(inherited)",
				);
				GCC_SYMBOLS_PRIVATE_EXTERN = NO;
				GCC_VERSION = com.apple.compilers.llvm.clang.1_0;
				GCC_WARN_ABOUT_MISSING_PROTOTYPES = YES;
				GCC_WARN_ABOUT_RETURN_TYPE = YES;
				GCC_WARN_UNUSED_VARIABLE = YES;
				IPHONEOS_DEPLOYMENT_TARGET = 5.0;
				SDKROOT = iphoneos;
			};
			name = Debug;
		};
		794C0172149CAABF0014FF25 /* Release */ = {
			isa = XCBuildConfiguration;
			buildSettings = {
				ALWAYS_SEARCH_USER_PATHS = NO;
				ARCHS = "$(ARCHS_STANDARD_32_BIT)";
				CLANG_ENABLE_OBJC_ARC = YES;
				"CODE_SIGN_IDENTITY[sdk=iphoneos*]" = "iPhone Developer";
				COPY_PHASE_STRIP = YES;
				GCC_C_LANGUAGE_STANDARD = gnu99;
				GCC_VERSION = com.apple.compilers.llvm.clang.1_0;
				GCC_WARN_ABOUT_MISSING_PROTOTYPES = YES;
				GCC_WARN_ABOUT_RETURN_TYPE = YES;
				GCC_WARN_UNUSED_VARIABLE = YES;
				IPHONEOS_DEPLOYMENT_TARGET = 5.0;
				OTHER_CFLAGS = "-DNS_BLOCK_ASSERTIONS=1";
				SDKROOT = iphoneos;
				VALIDATE_PRODUCT = YES;
			};
			name = Release;
		};
		794C0174149CAABF0014FF25 /* Debug */ = {
			isa = XCBuildConfiguration;
			buildSettings = {
				GCC_PRECOMPILE_PREFIX_HEADER = YES;
				GCC_PREFIX_HEADER = "Twizza/Twizza-Prefix.pch";
				INFOPLIST_FILE = "Twizza/Twizza-Info.plist";
				PRODUCT_NAME = "$(TARGET_NAME)";
				WRAPPER_EXTENSION = app;
			};
			name = Debug;
		};
		794C0175149CAABF0014FF25 /* Release */ = {
			isa = XCBuildConfiguration;
			buildSettings = {
				GCC_PRECOMPILE_PREFIX_HEADER = YES;
				GCC_PREFIX_HEADER = "Twizza/Twizza-Prefix.pch";
				INFOPLIST_FILE = "Twizza/Twizza-Info.plist";
				PRODUCT_NAME = "$(TARGET_NAME)";
				WRAPPER_EXTENSION = app;
			};
			name = Release;
		};
/* End XCBuildConfiguration section */

/* Begin XCConfigurationList section */
		794C014F149CAABF0014FF25 /* Build configuration list for PBXProject "Twizza" */ = {
			isa = XCConfigurationList;
			buildConfigurations = (
				794C0171149CAABF0014FF25 /* Debug */,
				794C0172149CAABF0014FF25 /* Release */,
			);
			defaultConfigurationIsVisible = 0;
			defaultConfigurationName = Release;
		};
		794C0173149CAABF0014FF25 /* Build configuration list for PBXNativeTarget "Twizza" */ = {
			isa = XCConfigurationList;
			buildConfigurations = (
				794C0174149CAABF0014FF25 /* Debug */,
				794C0175149CAABF0014FF25 /* Release */,
			);
			defaultConfigurationIsVisible = 0;
			defaultConfigurationName = Release;
		};
/* End XCConfigurationList section */
	};
	rootObject = 794C014C149CAABF0014FF25 /* Project object */;
}
